// !$*UTF8*$!
{
	archiveVersion = 1;
	classes = {
	};
	objectVersion = 55;
	objects = {

/* Begin PBXBuildFile section */
		40EC83092BFBF10C00A9B490 /* AppDelegate.swift in Sources */ = {isa = PBXBuildFile; fileRef = 40EC83082BFBF10C00A9B490 /* AppDelegate.swift */; };
		40EC830B2BFBF10C00A9B490 /* SceneDelegate.swift in Sources */ = {isa = PBXBuildFile; fileRef = 40EC830A2BFBF10C00A9B490 /* SceneDelegate.swift */; };
		40EC830D2BFBF10C00A9B490 /* ViewController.swift in Sources */ = {isa = PBXBuildFile; fileRef = 40EC830C2BFBF10C00A9B490 /* ViewController.swift */; };
		40EC83102BFBF10C00A9B490 /* Main.storyboard in Resources */ = {isa = PBXBuildFile; fileRef = 40EC830E2BFBF10C00A9B490 /* Main.storyboard */; };
		40EC83122BFBF10D00A9B490 /* Assets.xcassets in Resources */ = {isa = PBXBuildFile; fileRef = 40EC83112BFBF10D00A9B490 /* Assets.xcassets */; };
		40EC83152BFBF10D00A9B490 /* LaunchScreen.storyboard in Resources */ = {isa = PBXBuildFile; fileRef = 40EC83132BFBF10D00A9B490 /* LaunchScreen.storyboard */; };
		40EC83202BFBF10E00A9B490 /* CuariteSnapchatTests.swift in Sources */ = {isa = PBXBuildFile; fileRef = 40EC831F2BFBF10E00A9B490 /* CuariteSnapchatTests.swift */; };
		40EC832A2BFBF10E00A9B490 /* CuariteSnapchatUITests.swift in Sources */ = {isa = PBXBuildFile; fileRef = 40EC83292BFBF10E00A9B490 /* CuariteSnapchatUITests.swift */; };
		40EC832C2BFBF10E00A9B490 /* CuariteSnapchatUITestsLaunchTests.swift in Sources */ = {isa = PBXBuildFile; fileRef = 40EC832B2BFBF10E00A9B490 /* CuariteSnapchatUITestsLaunchTests.swift */; };
/* End PBXBuildFile section */

/* Begin PBXContainerItemProxy section */
		40EC831C2BFBF10E00A9B490 /* PBXContainerItemProxy */ = {
			isa = PBXContainerItemProxy;
			containerPortal = 40EC82FD2BFBF10C00A9B490 /* Project object */;
			proxyType = 1;
			remoteGlobalIDString = 40EC83042BFBF10C00A9B490;
			remoteInfo = CuariteSnapchat;
		};
		40EC83262BFBF10E00A9B490 /* PBXContainerItemProxy */ = {
			isa = PBXContainerItemProxy;
			containerPortal = 40EC82FD2BFBF10C00A9B490 /* Project object */;
			proxyType = 1;
			remoteGlobalIDString = 40EC83042BFBF10C00A9B490;
			remoteInfo = CuariteSnapchat;
		};
/* End PBXContainerItemProxy section */

/* Begin PBXFileReference section */
		40EC83052BFBF10C00A9B490 /* CuariteSnapchat.app */ = {isa = PBXFileReference; explicitFileType = wrapper.application; includeInIndex = 0; path = CuariteSnapchat.app; sourceTree = BUILT_PRODUCTS_DIR; };
		40EC83082BFBF10C00A9B490 /* AppDelegate.swift */ = {isa = PBXFileReference; lastKnownFileType = sourcecode.swift; path = AppDelegate.swift; sourceTree = "<group>"; };
		40EC830A2BFBF10C00A9B490 /* SceneDelegate.swift */ = {isa = PBXFileReference; lastKnownFileType = sourcecode.swift; path = SceneDelegate.swift; sourceTree = "<group>"; };
		40EC830C2BFBF10C00A9B490 /* ViewController.swift */ = {isa = PBXFileReference; lastKnownFileType = sourcecode.swift; path = ViewController.swift; sourceTree = "<group>"; };
		40EC830F2BFBF10C00A9B490 /* Base */ = {isa = PBXFileReference; lastKnownFileType = file.storyboard; name = Base; path = Base.lproj/Main.storyboard; sourceTree = "<group>"; };
		40EC83112BFBF10D00A9B490 /* Assets.xcassets */ = {isa = PBXFileReference; lastKnownFileType = folder.assetcatalog; path = Assets.xcassets; sourceTree = "<group>"; };
		40EC83142BFBF10D00A9B490 /* Base */ = {isa = PBXFileReference; lastKnownFileType = file.storyboard; name = Base; path = Base.lproj/LaunchScreen.storyboard; sourceTree = "<group>"; };
		40EC83162BFBF10D00A9B490 /* Info.plist */ = {isa = PBXFileReference; lastKnownFileType = text.plist.xml; path = Info.plist; sourceTree = "<group>"; };
		40EC831B2BFBF10E00A9B490 /* CuariteSnapchatTests.xctest */ = {isa = PBXFileReference; explicitFileType = wrapper.cfbundle; includeInIndex = 0; path = CuariteSnapchatTests.xctest; sourceTree = BUILT_PRODUCTS_DIR; };
		40EC831F2BFBF10E00A9B490 /* CuariteSnapchatTests.swift */ = {isa = PBXFileReference; lastKnownFileType = sourcecode.swift; path = CuariteSnapchatTests.swift; sourceTree = "<group>"; };
		40EC83252BFBF10E00A9B490 /* CuariteSnapchatUITests.xctest */ = {isa = PBXFileReference; explicitFileType = wrapper.cfbundle; includeInIndex = 0; path = CuariteSnapchatUITests.xctest; sourceTree = BUILT_PRODUCTS_DIR; };
		40EC83292BFBF10E00A9B490 /* CuariteSnapchatUITests.swift */ = {isa = PBXFileReference; lastKnownFileType = sourcecode.swift; path = CuariteSnapchatUITests.swift; sourceTree = "<group>"; };
		40EC832B2BFBF10E00A9B490 /* CuariteSnapchatUITestsLaunchTests.swift */ = {isa = PBXFileReference; lastKnownFileType = sourcecode.swift; path = CuariteSnapchatUITestsLaunchTests.swift; sourceTree = "<group>"; };
/* End PBXFileReference section */

/* Begin PBXFrameworksBuildPhase section */
		40EC83022BFBF10C00A9B490 /* Frameworks */ = {
			isa = PBXFrameworksBuildPhase;
			buildActionMask = 2147483647;
			files = (
			);
			runOnlyForDeploymentPostprocessing = 0;
		};
		40EC83182BFBF10E00A9B490 /* Frameworks */ = {
			isa = PBXFrameworksBuildPhase;
			buildActionMask = 2147483647;
			files = (
			);
			runOnlyForDeploymentPostprocessing = 0;
		};
		40EC83222BFBF10E00A9B490 /* Frameworks */ = {
			isa = PBXFrameworksBuildPhase;
			buildActionMask = 2147483647;
			files = (
			);
			runOnlyForDeploymentPostprocessing = 0;
		};
/* End PBXFrameworksBuildPhase section */

/* Begin PBXGroup section */
		40EC82FC2BFBF10C00A9B490 = {
			isa = PBXGroup;
			children = (
				40EC83072BFBF10C00A9B490 /* CuariteSnapchat */,
				40EC831E2BFBF10E00A9B490 /* CuariteSnapchatTests */,
				40EC83282BFBF10E00A9B490 /* CuariteSnapchatUITests */,
				40EC83062BFBF10C00A9B490 /* Products */,
			);
			sourceTree = "<group>";
		};
		40EC83062BFBF10C00A9B490 /* Products */ = {
			isa = PBXGroup;
			children = (
				40EC83052BFBF10C00A9B490 /* CuariteSnapchat.app */,
				40EC831B2BFBF10E00A9B490 /* CuariteSnapchatTests.xctest */,
				40EC83252BFBF10E00A9B490 /* CuariteSnapchatUITests.xctest */,
			);
			name = Products;
			sourceTree = "<group>";
		};
		40EC83072BFBF10C00A9B490 /* CuariteSnapchat */ = {
			isa = PBXGroup;
			children = (
				40EC83082BFBF10C00A9B490 /* AppDelegate.swift */,
				40EC830A2BFBF10C00A9B490 /* SceneDelegate.swift */,
				40EC830C2BFBF10C00A9B490 /* ViewController.swift */,
				40EC830E2BFBF10C00A9B490 /* Main.storyboard */,
				40EC83112BFBF10D00A9B490 /* Assets.xcassets */,
				40EC83132BFBF10D00A9B490 /* LaunchScreen.storyboard */,
				40EC83162BFBF10D00A9B490 /* Info.plist */,
			);
			path = CuariteSnapchat;
			sourceTree = "<group>";
		};
		40EC831E2BFBF10E00A9B490 /* CuariteSnapchatTests */ = {
			isa = PBXGroup;
			children = (
				40EC831F2BFBF10E00A9B490 /* CuariteSnapchatTests.swift */,
			);
			path = CuariteSnapchatTests;
			sourceTree = "<group>";
		};
		40EC83282BFBF10E00A9B490 /* CuariteSnapchatUITests */ = {
			isa = PBXGroup;
			children = (
				40EC83292BFBF10E00A9B490 /* CuariteSnapchatUITests.swift */,
				40EC832B2BFBF10E00A9B490 /* CuariteSnapchatUITestsLaunchTests.swift */,
			);
			path = CuariteSnapchatUITests;
			sourceTree = "<group>";
		};
/* End PBXGroup section */

/* Begin PBXNativeTarget section */
		40EC83042BFBF10C00A9B490 /* CuariteSnapchat */ = {
			isa = PBXNativeTarget;
			buildConfigurationList = 40EC832F2BFBF10E00A9B490 /* Build configuration list for PBXNativeTarget "CuariteSnapchat" */;
			buildPhases = (
				40EC83012BFBF10C00A9B490 /* Sources */,
				40EC83022BFBF10C00A9B490 /* Frameworks */,
				40EC83032BFBF10C00A9B490 /* Resources */,
			);
			buildRules = (
			);
			dependencies = (
			);
			name = CuariteSnapchat;
			productName = CuariteSnapchat;
			productReference = 40EC83052BFBF10C00A9B490 /* CuariteSnapchat.app */;
			productType = "com.apple.product-type.application";
		};
		40EC831A2BFBF10E00A9B490 /* CuariteSnapchatTests */ = {
			isa = PBXNativeTarget;
			buildConfigurationList = 40EC83322BFBF10E00A9B490 /* Build configuration list for PBXNativeTarget "CuariteSnapchatTests" */;
			buildPhases = (
				40EC83172BFBF10E00A9B490 /* Sources */,
				40EC83182BFBF10E00A9B490 /* Frameworks */,
				40EC83192BFBF10E00A9B490 /* Resources */,
			);
			buildRules = (
			);
			dependencies = (
				40EC831D2BFBF10E00A9B490 /* PBXTargetDependency */,
			);
			name = CuariteSnapchatTests;
			productName = CuariteSnapchatTests;
			productReference = 40EC831B2BFBF10E00A9B490 /* CuariteSnapchatTests.xctest */;
			productType = "com.apple.product-type.bundle.unit-test";
		};
		40EC83242BFBF10E00A9B490 /* CuariteSnapchatUITests */ = {
			isa = PBXNativeTarget;
			buildConfigurationList = 40EC83352BFBF10E00A9B490 /* Build configuration list for PBXNativeTarget "CuariteSnapchatUITests" */;
			buildPhases = (
				40EC83212BFBF10E00A9B490 /* Sources */,
				40EC83222BFBF10E00A9B490 /* Frameworks */,
				40EC83232BFBF10E00A9B490 /* Resources */,
			);
			buildRules = (
			);
			dependencies = (
				40EC83272BFBF10E00A9B490 /* PBXTargetDependency */,
			);
			name = CuariteSnapchatUITests;
			productName = CuariteSnapchatUITests;
			productReference = 40EC83252BFBF10E00A9B490 /* CuariteSnapchatUITests.xctest */;
			productType = "com.apple.product-type.bundle.ui-testing";
		};
/* End PBXNativeTarget section */

/* Begin PBXProject section */
		40EC82FD2BFBF10C00A9B490 /* Project object */ = {
			isa = PBXProject;
			attributes = {
				BuildIndependentTargetsInParallel = 1;
				LastSwiftUpdateCheck = 1340;
				LastUpgradeCheck = 1340;
				TargetAttributes = {
					40EC83042BFBF10C00A9B490 = {
						CreatedOnToolsVersion = 13.4.1;
					};
					40EC831A2BFBF10E00A9B490 = {
						CreatedOnToolsVersion = 13.4.1;
						TestTargetID = 40EC83042BFBF10C00A9B490;
					};
					40EC83242BFBF10E00A9B490 = {
						CreatedOnToolsVersion = 13.4.1;
						TestTargetID = 40EC83042BFBF10C00A9B490;
					};
				};
			};
			buildConfigurationList = 40EC83002BFBF10C00A9B490 /* Build configuration list for PBXProject "CuariteSnapchat" */;
			compatibilityVersion = "Xcode 13.0";
			developmentRegion = en;
			hasScannedForEncodings = 0;
			knownRegions = (
				en,
				Base,
			);
			mainGroup = 40EC82FC2BFBF10C00A9B490;
			productRefGroup = 40EC83062BFBF10C00A9B490 /* Products */;
			projectDirPath = "";
			projectRoot = "";
			targets = (
				40EC83042BFBF10C00A9B490 /* CuariteSnapchat */,
				40EC831A2BFBF10E00A9B490 /* CuariteSnapchatTests */,
				40EC83242BFBF10E00A9B490 /* CuariteSnapchatUITests */,
			);
		};
/* End PBXProject section */

/* Begin PBXResourcesBuildPhase section */
		40EC83032BFBF10C00A9B490 /* Resources */ = {
			isa = PBXResourcesBuildPhase;
			buildActionMask = 2147483647;
			files = (
				40EC83152BFBF10D00A9B490 /* LaunchScreen.storyboard in Resources */,
				40EC83122BFBF10D00A9B490 /* Assets.xcassets in Resources */,
				40EC83102BFBF10C00A9B490 /* Main.storyboard in Resources */,
			);
			runOnlyForDeploymentPostprocessing = 0;
		};
		40EC83192BFBF10E00A9B490 /* Resources */ = {
			isa = PBXResourcesBuildPhase;
			buildActionMask = 2147483647;
			files = (
			);
			runOnlyForDeploymentPostprocessing = 0;
		};
		40EC83232BFBF10E00A9B490 /* Resources */ = {
			isa = PBXResourcesBuildPhase;
			buildActionMask = 2147483647;
			files = (
			);
			runOnlyForDeploymentPostprocessing = 0;
		};
/* End PBXResourcesBuildPhase section */

/* Begin PBXSourcesBuildPhase section */
		40EC83012BFBF10C00A9B490 /* Sources */ = {
			isa = PBXSourcesBuildPhase;
			buildActionMask = 2147483647;
			files = (
				40EC830D2BFBF10C00A9B490 /* ViewController.swift in Sources */,
				40EC83092BFBF10C00A9B490 /* AppDelegate.swift in Sources */,
				40EC830B2BFBF10C00A9B490 /* SceneDelegate.swift in Sources */,
			);
			runOnlyForDeploymentPostprocessing = 0;
		};
		40EC83172BFBF10E00A9B490 /* Sources */ = {
			isa = PBXSourcesBuildPhase;
			buildActionMask = 2147483647;
			files = (
				40EC83202BFBF10E00A9B490 /* CuariteSnapchatTests.swift in Sources */,
			);
			runOnlyForDeploymentPostprocessing = 0;
		};
		40EC83212BFBF10E00A9B490 /* Sources */ = {
			isa = PBXSourcesBuildPhase;
			buildActionMask = 2147483647;
			files = (
				40EC832C2BFBF10E00A9B490 /* CuariteSnapchatUITestsLaunchTests.swift in Sources */,
				40EC832A2BFBF10E00A9B490 /* CuariteSnapchatUITests.swift in Sources */,
			);
			runOnlyForDeploymentPostprocessing = 0;
		};
/* End PBXSourcesBuildPhase section */

/* Begin PBXTargetDependency section */
		40EC831D2BFBF10E00A9B490 /* PBXTargetDependency */ = {
			isa = PBXTargetDependency;
			target = 40EC83042BFBF10C00A9B490 /* CuariteSnapchat */;
			targetProxy = 40EC831C2BFBF10E00A9B490 /* PBXContainerItemProxy */;
		};
		40EC83272BFBF10E00A9B490 /* PBXTargetDependency */ = {
			isa = PBXTargetDependency;
			target = 40EC83042BFBF10C00A9B490 /* CuariteSnapchat */;
			targetProxy = 40EC83262BFBF10E00A9B490 /* PBXContainerItemProxy */;
		};
/* End PBXTargetDependency section */

/* Begin PBXVariantGroup section */
		40EC830E2BFBF10C00A9B490 /* Main.storyboard */ = {
			isa = PBXVariantGroup;
			children = (
				40EC830F2BFBF10C00A9B490 /* Base */,
			);
			name = Main.storyboard;
			sourceTree = "<group>";
		};
		40EC83132BFBF10D00A9B490 /* LaunchScreen.storyboard */ = {
			isa = PBXVariantGroup;
			children = (
				40EC83142BFBF10D00A9B490 /* Base */,
			);
			name = LaunchScreen.storyboard;
			sourceTree = "<group>";
		};
/* End PBXVariantGroup section */

/* Begin XCBuildConfiguration section */
		40EC832D2BFBF10E00A9B490 /* Debug */ = {
			isa = XCBuildConfiguration;
			buildSettings = {
				ALWAYS_SEARCH_USER_PATHS = NO;
				CLANG_ANALYZER_NONNULL = YES;
				CLANG_ANALYZER_NUMBER_OBJECT_CONVERSION = YES_AGGRESSIVE;
				CLANG_CXX_LANGUAGE_STANDARD = "gnu++17";
				CLANG_ENABLE_MODULES = YES;
				CLANG_ENABLE_OBJC_ARC = YES;
				CLANG_ENABLE_OBJC_WEAK = YES;
				CLANG_WARN_BLOCK_CAPTURE_AUTORELEASING = YES;
				CLANG_WARN_BOOL_CONVERSION = YES;
				CLANG_WARN_COMMA = YES;
				CLANG_WARN_CONSTANT_CONVERSION = YES;
				CLANG_WARN_DEPRECATED_OBJC_IMPLEMENTATIONS = YES;
				CLANG_WARN_DIRECT_OBJC_ISA_USAGE = YES_ERROR;
				CLANG_WARN_DOCUMENTATION_COMMENTS = YES;
				CLANG_WARN_EMPTY_BODY = YES;
				CLANG_WARN_ENUM_CONVERSION = YES;
				CLANG_WARN_INFINITE_RECURSION = YES;
				CLANG_WARN_INT_CONVERSION = YES;
				CLANG_WARN_NON_LITERAL_NULL_CONVERSION = YES;
				CLANG_WARN_OBJC_IMPLICIT_RETAIN_SELF = YES;
				CLANG_WARN_OBJC_LITERAL_CONVERSION = YES;
				CLANG_WARN_OBJC_ROOT_CLASS = YES_ERROR;
				CLANG_WARN_QUOTED_INCLUDE_IN_FRAMEWORK_HEADER = YES;
				CLANG_WARN_RANGE_LOOP_ANALYSIS = YES;
				CLANG_WARN_STRICT_PROTOTYPES = YES;
				CLANG_WARN_SUSPICIOUS_MOVE = YES;
				CLANG_WARN_UNGUARDED_AVAILABILITY = YES_AGGRESSIVE;
				CLANG_WARN_UNREACHABLE_CODE = YES;
				CLANG_WARN__DUPLICATE_METHOD_MATCH = YES;
				COPY_PHASE_STRIP = NO;
				DEBUG_INFORMATION_FORMAT = dwarf;
				ENABLE_STRICT_OBJC_MSGSEND = YES;
				ENABLE_TESTABILITY = YES;
				GCC_C_LANGUAGE_STANDARD = gnu11;
				GCC_DYNAMIC_NO_PIC = NO;
				GCC_NO_COMMON_BLOCKS = YES;
				GCC_OPTIMIZATION_LEVEL = 0;
				GCC_PREPROCESSOR_DEFINITIONS = (
					"DEBUG=1",
					"$(inherited)",
				);
				GCC_WARN_64_TO_32_BIT_CONVERSION = YES;
				GCC_WARN_ABOUT_RETURN_TYPE = YES_ERROR;
				GCC_WARN_UNDECLARED_SELECTOR = YES;
				GCC_WARN_UNINITIALIZED_AUTOS = YES_AGGRESSIVE;
				GCC_WARN_UNUSED_FUNCTION = YES;
				GCC_WARN_UNUSED_VARIABLE = YES;
				IPHONEOS_DEPLOYMENT_TARGET = 15.5;
				MTL_ENABLE_DEBUG_INFO = INCLUDE_SOURCE;
				MTL_FAST_MATH = YES;
				ONLY_ACTIVE_ARCH = YES;
				SDKROOT = iphoneos;
				SWIFT_ACTIVE_COMPILATION_CONDITIONS = DEBUG;
				SWIFT_OPTIMIZATION_LEVEL = "-Onone";
			};
			name = Debug;
		};
		40EC832E2BFBF10E00A9B490 /* Release */ = {
			isa = XCBuildConfiguration;
			buildSettings = {
				ALWAYS_SEARCH_USER_PATHS = NO;
				CLANG_ANALYZER_NONNULL = YES;
				CLANG_ANALYZER_NUMBER_OBJECT_CONVERSION = YES_AGGRESSIVE;
				CLANG_CXX_LANGUAGE_STANDARD = "gnu++17";
				CLANG_ENABLE_MODULES = YES;
				CLANG_ENABLE_OBJC_ARC = YES;
				CLANG_ENABLE_OBJC_WEAK = YES;
				CLANG_WARN_BLOCK_CAPTURE_AUTORELEASING = YES;
				CLANG_WARN_BOOL_CONVERSION = YES;
				CLANG_WARN_COMMA = YES;
				CLANG_WARN_CONSTANT_CONVERSION = YES;
				CLANG_WARN_DEPRECATED_OBJC_IMPLEMENTATIONS = YES;
				CLANG_WARN_DIRECT_OBJC_ISA_USAGE = YES_ERROR;
				CLANG_WARN_DOCUMENTATION_COMMENTS = YES;
				CLANG_WARN_EMPTY_BODY = YES;
				CLANG_WARN_ENUM_CONVERSION = YES;
				CLANG_WARN_INFINITE_RECURSION = YES;
				CLANG_WARN_INT_CONVERSION = YES;
				CLANG_WARN_NON_LITERAL_NULL_CONVERSION = YES;
				CLANG_WARN_OBJC_IMPLICIT_RETAIN_SELF = YES;
				CLANG_WARN_OBJC_LITERAL_CONVERSION = YES;
				CLANG_WARN_OBJC_ROOT_CLASS = YES_ERROR;
				CLANG_WARN_QUOTED_INCLUDE_IN_FRAMEWORK_HEADER = YES;
				CLANG_WARN_RANGE_LOOP_ANALYSIS = YES;
				CLANG_WARN_STRICT_PROTOTYPES = YES;
				CLANG_WARN_SUSPICIOUS_MOVE = YES;
				CLANG_WARN_UNGUARDED_AVAILABILITY = YES_AGGRESSIVE;
				CLANG_WARN_UNREACHABLE_CODE = YES;
				CLANG_WARN__DUPLICATE_METHOD_MATCH = YES;
				COPY_PHASE_STRIP = NO;
				DEBUG_INFORMATION_FORMAT = "dwarf-with-dsym";
				ENABLE_NS_ASSERTIONS = NO;
				ENABLE_STRICT_OBJC_MSGSEND = YES;
				GCC_C_LANGUAGE_STANDARD = gnu11;
				GCC_NO_COMMON_BLOCKS = YES;
				GCC_WARN_64_TO_32_BIT_CONVERSION = YES;
				GCC_WARN_ABOUT_RETURN_TYPE = YES_ERROR;
				GCC_WARN_UNDECLARED_SELECTOR = YES;
				GCC_WARN_UNINITIALIZED_AUTOS = YES_AGGRESSIVE;
				GCC_WARN_UNUSED_FUNCTION = YES;
				GCC_WARN_UNUSED_VARIABLE = YES;
				IPHONEOS_DEPLOYMENT_TARGET = 15.5;
				MTL_ENABLE_DEBUG_INFO = NO;
				MTL_FAST_MATH = YES;
				SDKROOT = iphoneos;
				SWIFT_COMPILATION_MODE = wholemodule;
				SWIFT_OPTIMIZATION_LEVEL = "-O";
				VALIDATE_PRODUCT = YES;
			};
			name = Release;
		};
		40EC83302BFBF10E00A9B490 /* Debug */ = {
			isa = XCBuildConfiguration;
			buildSettings = {
				ASSETCATALOG_COMPILER_APPICON_NAME = AppIcon;
				ASSETCATALOG_COMPILER_GLOBAL_ACCENT_COLOR_NAME = AccentColor;
				CODE_SIGN_STYLE = Automatic;
				CURRENT_PROJECT_VERSION = 1;
				GENERATE_INFOPLIST_FILE = YES;
				INFOPLIST_FILE = CuariteSnapchat/Info.plist;
				INFOPLIST_KEY_UIApplicationSupportsIndirectInputEvents = YES;
				INFOPLIST_KEY_UILaunchStoryboardName = LaunchScreen;
				INFOPLIST_KEY_UIMainStoryboardFile = Main;
				INFOPLIST_KEY_UISupportedInterfaceOrientations_iPad = "UIInterfaceOrientationPortrait UIInterfaceOrientationPortraitUpsideDown UIInterfaceOrientationLandscapeLeft UIInterfaceOrientationLandscapeRight";
				INFOPLIST_KEY_UISupportedInterfaceOrientations_iPhone = "UIInterfaceOrientationPortrait UIInterfaceOrientationLandscapeLeft UIInterfaceOrientationLandscapeRight";
				LD_RUNPATH_SEARCH_PATHS = (
					"$(inherited)",
					"@executable_path/Frameworks",
				);
				MARKETING_VERSION = 1.0;
				PRODUCT_BUNDLE_IDENTIFIER = empresa.CuariteSnapchat;
				PRODUCT_NAME = "$(TARGET_NAME)";
				SWIFT_EMIT_LOC_STRINGS = YES;
				SWIFT_VERSION = 5.0;
				TARGETED_DEVICE_FAMILY = "1,2";
			};
			name = Debug;
		};
		40EC83312BFBF10E00A9B490 /* Release */ = {
			isa = XCBuildConfiguration;
			buildSettings = {
				ASSETCATALOG_COMPILER_APPICON_NAME = AppIcon;
				ASSETCATALOG_COMPILER_GLOBAL_ACCENT_COLOR_NAME = AccentColor;
				CODE_SIGN_STYLE = Automatic;
				CURRENT_PROJECT_VERSION = 1;
				GENERATE_INFOPLIST_FILE = YES;
				INFOPLIST_FILE = CuariteSnapchat/Info.plist;
				INFOPLIST_KEY_UIApplicationSupportsIndirectInputEvents = YES;
				INFOPLIST_KEY_UILaunchStoryboardName = LaunchScreen;
				INFOPLIST_KEY_UIMainStoryboardFile = Main;
				INFOPLIST_KEY_UISupportedInterfaceOrientations_iPad = "UIInterfaceOrientationPortrait UIInterfaceOrientationPortraitUpsideDown UIInterfaceOrientationLandscapeLeft UIInterfaceOrientationLandscapeRight";
				INFOPLIST_KEY_UISupportedInterfaceOrientations_iPhone = "UIInterfaceOrientationPortrait UIInterfaceOrientationLandscapeLeft UIInterfaceOrientationLandscapeRight";
				LD_RUNPATH_SEARCH_PATHS = (
					"$(inherited)",
					"@executable_path/Frameworks",
				);
				MARKETING_VERSION = 1.0;
				PRODUCT_BUNDLE_IDENTIFIER = empresa.CuariteSnapchat;
				PRODUCT_NAME = "$(TARGET_NAME)";
				SWIFT_EMIT_LOC_STRINGS = YES;
				SWIFT_VERSION = 5.0;
				TARGETED_DEVICE_FAMILY = "1,2";
			};
			name = Release;
		};
		40EC83332BFBF10E00A9B490 /* Debug */ = {
			isa = XCBuildConfiguration;
			buildSettings = {
				ALWAYS_EMBED_SWIFT_STANDARD_LIBRARIES = YES;
				BUNDLE_LOADER = "$(TEST_HOST)";
				CODE_SIGN_STYLE = Automatic;
				CURRENT_PROJECT_VERSION = 1;
				GENERATE_INFOPLIST_FILE = YES;
				IPHONEOS_DEPLOYMENT_TARGET = 15.5;
				MARKETING_VERSION = 1.0;
				PRODUCT_BUNDLE_IDENTIFIER = empresa.CuariteSnapchatTests;
				PRODUCT_NAME = "$(TARGET_NAME)";
				SWIFT_EMIT_LOC_STRINGS = NO;
				SWIFT_VERSION = 5.0;
				TARGETED_DEVICE_FAMILY = "1,2";
				TEST_HOST = "$(BUILT_PRODUCTS_DIR)/CuariteSnapchat.app/CuariteSnapchat";
			};
			name = Debug;
		};
		40EC83342BFBF10E00A9B490 /* Release */ = {
			isa = XCBuildConfiguration;
			buildSettings = {
				ALWAYS_EMBED_SWIFT_STANDARD_LIBRARIES = YES;
				BUNDLE_LOADER = "$(TEST_HOST)";
				CODE_SIGN_STYLE = Automatic;
				CURRENT_PROJECT_VERSION = 1;
				GENERATE_INFOPLIST_FILE = YES;
				IPHONEOS_DEPLOYMENT_TARGET = 15.5;
				MARKETING_VERSION = 1.0;
				PRODUCT_BUNDLE_IDENTIFIER = empresa.CuariteSnapchatTests;
				PRODUCT_NAME = "$(TARGET_NAME)";
				SWIFT_EMIT_LOC_STRINGS = NO;
				SWIFT_VERSION = 5.0;
				TARGETED_DEVICE_FAMILY = "1,2";
				TEST_HOST = "$(BUILT_PRODUCTS_DIR)/CuariteSnapchat.app/CuariteSnapchat";
			};
			name = Release;
		};
		40EC83362BFBF10E00A9B490 /* Debug */ = {
			isa = XCBuildConfiguration;
			buildSettings = {
				ALWAYS_EMBED_SWIFT_STANDARD_LIBRARIES = YES;
				CODE_SIGN_STYLE = Automatic;
				CURRENT_PROJECT_VERSION = 1;
				GENERATE_INFOPLIST_FILE = YES;
				MARKETING_VERSION = 1.0;
				PRODUCT_BUNDLE_IDENTIFIER = empresa.CuariteSnapchatUITests;
				PRODUCT_NAME = "$(TARGET_NAME)";
				SWIFT_EMIT_LOC_STRINGS = NO;
				SWIFT_VERSION = 5.0;
				TARGETED_DEVICE_FAMILY = "1,2";
				TEST_TARGET_NAME = CuariteSnapchat;
			};
			name = Debug;
		};
		40EC83372BFBF10E00A9B490 /* Release */ = {
			isa = XCBuildConfiguration;
			buildSettings = {
				ALWAYS_EMBED_SWIFT_STANDARD_LIBRARIES = YES;
				CODE_SIGN_STYLE = Automatic;
				CURRENT_PROJECT_VERSION = 1;
				GENERATE_INFOPLIST_FILE = YES;
				MARKETING_VERSION = 1.0;
				PRODUCT_BUNDLE_IDENTIFIER = empresa.CuariteSnapchatUITests;
				PRODUCT_NAME = "$(TARGET_NAME)";
				SWIFT_EMIT_LOC_STRINGS = NO;
				SWIFT_VERSION = 5.0;
				TARGETED_DEVICE_FAMILY = "1,2";
				TEST_TARGET_NAME = CuariteSnapchat;
			};
			name = Release;
		};
/* End XCBuildConfiguration section */

/* Begin XCConfigurationList section */
		40EC83002BFBF10C00A9B490 /* Build configuration list for PBXProject "CuariteSnapchat" */ = {
			isa = XCConfigurationList;
			buildConfigurations = (
				40EC832D2BFBF10E00A9B490 /* Debug */,
				40EC832E2BFBF10E00A9B490 /* Release */,
			);
			defaultConfigurationIsVisible = 0;
			defaultConfigurationName = Release;
		};
		40EC832F2BFBF10E00A9B490 /* Build configuration list for PBXNativeTarget "CuariteSnapchat" */ = {
			isa = XCConfigurationList;
			buildConfigurations = (
				40EC83302BFBF10E00A9B490 /* Debug */,
				40EC83312BFBF10E00A9B490 /* Release */,
			);
			defaultConfigurationIsVisible = 0;
			defaultConfigurationName = Release;
		};
		40EC83322BFBF10E00A9B490 /* Build configuration list for PBXNativeTarget "CuariteSnapchatTests" */ = {
			isa = XCConfigurationList;
			buildConfigurations = (
				40EC83332BFBF10E00A9B490 /* Debug */,
				40EC83342BFBF10E00A9B490 /* Release */,
			);
			defaultConfigurationIsVisible = 0;
			defaultConfigurationName = Release;
		};
		40EC83352BFBF10E00A9B490 /* Build configuration list for PBXNativeTarget "CuariteSnapchatUITests" */ = {
			isa = XCConfigurationList;
			buildConfigurations = (
				40EC83362BFBF10E00A9B490 /* Debug */,
				40EC83372BFBF10E00A9B490 /* Release */,
			);
			defaultConfigurationIsVisible = 0;
			defaultConfigurationName = Release;
		};
/* End XCConfigurationList section */
	};
	rootObject = 40EC82FD2BFBF10C00A9B490 /* Project object */;
}
